
Microsoft Visual Studio Solution File, Format Version 12.00
# Visual Studio Version 16
VisualStudioVersion = 16.0.28803.452
MinimumVisualStudioVersion = 10.0.40219.1
Project("{2150E333-8FDC-42A3-9474-1A3956D46DE8}") = "Solution Items", "Solution Items", "{FA92375B-8775-4B49-8248-E9A3DC51862F}"
	ProjectSection(SolutionItems) = preProject
		.gitattributes = .gitattributes
		.gitignore = .gitignore
		Directory.Build.props = Directory.Build.props
		Directory.Build.targets = Directory.Build.targets
		gitversion.yml = gitversion.yml
		global.json = global.json
		LICENSE.md = LICENSE.md
		README.bg.html = README.bg.html
		README.bg.md = README.bg.md
		README.md = README.md
	EndProjectSection
EndProject
Project("{2150E333-8FDC-42A3-9474-1A3956D46DE8}") = "src", "src", "{A1F73B46-B680-41B7-8825-7F22969272F3}"
EndProject
Project("{9A19103F-16F7-4668-BE54-9A1E7A4F7556}") = "NraDatabaseExport", "src\NraDatabaseExport\NraDatabaseExport.csproj", "{637E3E87-FDB9-48E8-BD3B-445D2E904833}"
EndProject
Project("{9A19103F-16F7-4668-BE54-9A1E7A4F7556}") = "NraDatabaseExport.App", "src\NraDatabaseExport.App\NraDatabaseExport.App.csproj", "{47006FEC-39E6-440E-B847-6346F39FDE02}"
EndProject
Global
	GlobalSection(SolutionConfigurationPlatforms) = preSolution
		Debug|Any CPU = Debug|Any CPU
		Release|Any CPU = Release|Any CPU
	EndGlobalSection
	GlobalSection(ProjectConfigurationPlatforms) = postSolution
		{637E3E87-FDB9-48E8-BD3B-445D2E904833}.Debug|Any CPU.ActiveCfg = Debug|Any CPU
		{637E3E87-FDB9-48E8-BD3B-445D2E904833}.Debug|Any CPU.Build.0 = Debug|Any CPU
		{637E3E87-FDB9-48E8-BD3B-445D2E904833}.Release|Any CPU.ActiveCfg = Release|Any CPU
		{637E3E87-FDB9-48E8-BD3B-445D2E904833}.Release|Any CPU.Build.0 = Release|Any CPU
		{47006FEC-39E6-440E-B847-6346F39FDE02}.Debug|Any CPU.ActiveCfg = Debug|Any CPU
		{47006FEC-39E6-440E-B847-6346F39FDE02}.Debug|Any CPU.Build.0 = Debug|Any CPU
		{47006FEC-39E6-440E-B847-6346F39FDE02}.Release|Any CPU.ActiveCfg = Release|Any CPU
		{47006FEC-39E6-440E-B847-6346F39FDE02}.Release|Any CPU.Build.0 = Release|Any CPU
	EndGlobalSection
	GlobalSection(SolutionProperties) = preSolution
		HideSolutionNode = FALSE
	EndGlobalSection
	GlobalSection(NestedProjects) = preSolution
		{637E3E87-FDB9-48E8-BD3B-445D2E904833} = {A1F73B46-B680-41B7-8825-7F22969272F3}
		{47006FEC-39E6-440E-B847-6346F39FDE02} = {A1F73B46-B680-41B7-8825-7F22969272F3}
	EndGlobalSection
	GlobalSection(ExtensibilityGlobals) = postSolution
		SolutionGuid = {5D1B491E-551E-4220-900E-6D8005A4C8EB}
	EndGlobalSection
EndGlobal
